{
    "_readme": [
        "This file locks the dependencies of your project to a known state",
        "Read more about it at https://getcomposer.org/doc/01-basic-usage.md#composer-lock-the-lock-file",
        "This file is @generated automatically"
    ],
    "content-hash": "b0e418c7024169fc10dcb846e8dcde18",
    "packages": [
        {
            "name": "phing/phing",
            "version": "2.16.0",
            "source": {
                "type": "git",
                "url": "https://github.com/phingofficial/phing.git",
                "reference": "151a0f4d8cebf7711eccc62dde3f09bc36a00d7b"
            },
            "dist": {
                "type": "zip",
                "url": "https://api.github.com/repos/phingofficial/phing/zipball/151a0f4d8cebf7711eccc62dde3f09bc36a00d7b",
                "reference": "151a0f4d8cebf7711eccc62dde3f09bc36a00d7b",
                "shasum": ""
            },
            "require": {
                "php": ">=5.2.0",
                "symfony/yaml": "^3.1"
            },
            "require-dev": {
                "ext-pdo_sqlite": "*",
                "mikey179/vfsstream": "^1.6",
                "pdepend/pdepend": "2.x",
                "pear/archive_tar": "1.4.x",
                "pear/http_request2": "dev-trunk",
                "pear/net_growl": "dev-trunk",
                "pear/pear-core-minimal": "1.10.1",
                "pear/versioncontrol_git": "@dev",
                "pear/versioncontrol_svn": "~0.5",
                "phpdocumentor/phpdocumentor": "2.x",
                "phploc/phploc": "~2.0.6",
                "phpmd/phpmd": "~2.2",
                "phpunit/phpunit": ">=3.7",
                "sebastian/git": "~1.0",
                "sebastian/phpcpd": "2.x",
                "siad007/versioncontrol_hg": "^1.0",
                "simpletest/simpletest": "^1.1",
                "squizlabs/php_codesniffer": "~2.2"
            },
            "suggest": {
                "pdepend/pdepend": "PHP version of JDepend",
                "pear/archive_tar": "Tar file management class",
                "pear/versioncontrol_git": "A library that provides OO interface to handle Git repository",
                "pear/versioncontrol_svn": "A simple OO-style interface for Subversion, the free/open-source version control system",
                "phpdocumentor/phpdocumentor": "Documentation Generator for PHP",
                "phploc/phploc": "A tool for quickly measuring the size of a PHP project",
                "phpmd/phpmd": "PHP version of PMD tool",
                "phpunit/php-code-coverage": "Library that provides collection, processing, and rendering functionality for PHP code coverage information",
                "phpunit/phpunit": "The PHP Unit Testing Framework",
                "sebastian/phpcpd": "Copy/Paste Detector (CPD) for PHP code",
                "siad007/versioncontrol_hg": "A library for interfacing with Mercurial repositories.",
                "tedivm/jshrink": "Javascript Minifier built in PHP"
            },
            "bin": [
                "bin/phing"
            ],
            "type": "library",
            "extra": {
                "branch-alias": {
                    "dev-master": "2.16.x-dev"
                }
            },
            "autoload": {
                "classmap": [
                    "classes/phing/"
                ]
            },
            "notification-url": "https://packagist.org/downloads/",
            "include-path": [
                "classes"
            ],
            "license": [
                "LGPL-3.0"
            ],
            "authors": [
                {
                    "name": "Michiel Rook",
                    "email": "mrook@php.net"
                },
                {
                    "name": "Phing Community",
                    "homepage": "https://www.phing.info/trac/wiki/Development/Contributors"
                }
            ],
            "description": "PHing Is Not GNU make; it's a PHP project build system or build tool based on Apache Ant.",
            "homepage": "https://www.phing.info/",
            "keywords": [
                "build",
                "phing",
                "task",
                "tool"
            ],
            "time": "2016-12-22T20:16:33+00:00"
        },
        {
            "name": "symfony/yaml",
            "version": "v3.3.8",
            "source": {
                "type": "git",
                "url": "https://github.com/symfony/yaml.git",
                "reference": "1d8c2a99c80862bdc3af94c1781bf70f86bccac0"
            },
            "dist": {
                "type": "zip",
                "url": "https://api.github.com/repos/symfony/yaml/zipball/1d8c2a99c80862bdc3af94c1781bf70f86bccac0",
                "reference": "1d8c2a99c80862bdc3af94c1781bf70f86bccac0",
                "shasum": ""
            },
            "require": {
                "php": "^5.5.9|>=7.0.8"
            },
            "require-dev": {
                "symfony/console": "~2.8|~3.0"
            },
            "suggest": {
                "symfony/console": "For validating YAML files using the lint command"
            },
            "type": "library",
            "extra": {
                "branch-alias": {
                    "dev-master": "3.3-dev"
                }
            },
            "autoload": {
                "psr-4": {
                    "Symfony\\Component\\Yaml\\": ""
                },
                "exclude-from-classmap": [
                    "/Tests/"
                ]
            },
            "notification-url": "https://packagist.org/downloads/",
            "license": [
                "MIT"
            ],
            "authors": [
                {
                    "name": "Fabien Potencier",
                    "email": "fabien@symfony.com"
                },
                {
                    "name": "Symfony Community",
                    "homepage": "https://symfony.com/contributors"
                }
            ],
            "description": "Symfony Yaml Component",
            "homepage": "https://symfony.com",
            "time": "2017-07-29T21:54:42+00:00"
        },
        {
            "name": "zendframework/zendframework1",
            "version": "1.12.20",
            "source": {
                "type": "git",
                "url": "https://github.com/zendframework/zf1.git",
                "reference": "737ef159654fbbef37cf9af742b2c8f9690c2ece"
            },
            "dist": {
                "type": "zip",
                "url": "https://api.github.com/repos/zendframework/zf1/zipball/737ef159654fbbef37cf9af742b2c8f9690c2ece",
                "reference": "737ef159654fbbef37cf9af742b2c8f9690c2ece",
                "shasum": ""
            },
            "require": {
                "php": ">=5.2.11"
            },
            "require-dev": {
                "phpunit/dbunit": "1.3.*",
                "phpunit/phpunit": "3.7.*"
            },
            "type": "library",
            "extra": {
                "branch-alias": {
                    "dev-master": "1.12.x-dev"
                }
            },
            "autoload": {
                "psr-0": {
                    "Zend_": "library/"
                }
            },
            "notification-url": "https://packagist.org/downloads/",
            "include-path": [
                "library/"
            ],
            "license": [
                "BSD-3-Clause"
            ],
            "description": "Zend Framework 1",
            "homepage": "http://framework.zend.com/",
            "keywords": [
                "ZF1",
                "framework"
            ],
            "time": "2016-09-08T14:50:34+00:00"
        }
    ],
    "packages-dev": [
        {
            "name": "phpunit/dbunit",
            "version": "1.3.1",
            "source": {
                "type": "git",
                "url": "https://github.com/sebastianbergmann/dbunit.git",
                "reference": "a5891b7a9c4f21587a51f9bc4e8f7042b741b480"
            },
            "dist": {
                "type": "zip",
                "url": "https://api.github.com/repos/sebastianbergmann/dbunit/zipball/a5891b7a9c4f21587a51f9bc4e8f7042b741b480",
                "reference": "a5891b7a9c4f21587a51f9bc4e8f7042b741b480",
                "shasum": ""
            },
            "require": {
                "ext-pdo": "*",
                "ext-simplexml": "*",
                "php": ">=5.3.3",
                "phpunit/phpunit": ">=3.7.0@stable",
                "symfony/yaml": ">=2.1.0"
            },
            "bin": [
                "composer/bin/dbunit"
            ],
            "type": "library",
            "extra": {
                "branch-alias": {
                    "dev-master": "1.3.x-dev"
                }
            },
            "autoload": {
                "classmap": [
                    "PHPUnit/"
                ]
            },
            "notification-url": "https://packagist.org/downloads/",
            "include-path": [
                "",
                "../../symfony/yaml/"
            ],
            "license": [
                "BSD-3-Clause"
            ],
            "authors": [
                {
                    "name": "Sebastian Bergmann",
                    "email": "sb@sebastian-bergmann.de",
                    "role": "lead"
                }
            ],
            "description": "DbUnit port for PHP/PHPUnit to support database interaction testing.",
            "homepage": "https://github.com/sebastianbergmann/dbunit/",
            "keywords": [
                "database",
                "testing",
                "xunit"
            ],
            "time": "2014-03-26T11:25:06+00:00"
        },
        {
            "name": "phpunit/php-code-coverage",
            "version": "1.2.18",
            "source": {
                "type": "git",
                "url": "https://github.com/sebastianbergmann/php-code-coverage.git",
                "reference": "fe2466802556d3fe4e4d1d58ffd3ccfd0a19be0b"
            },
            "dist": {
                "type": "zip",
                "url": "https://api.github.com/repos/sebastianbergmann/php-code-coverage/zipball/fe2466802556d3fe4e4d1d58ffd3ccfd0a19be0b",
                "reference": "fe2466802556d3fe4e4d1d58ffd3ccfd0a19be0b",
                "shasum": ""
            },
            "require": {
                "php": ">=5.3.3",
                "phpunit/php-file-iterator": ">=1.3.0@stable",
                "phpunit/php-text-template": ">=1.2.0@stable",
                "phpunit/php-token-stream": ">=1.1.3,<1.3.0"
            },
            "require-dev": {
                "phpunit/phpunit": "3.7.*@dev"
            },
            "suggest": {
                "ext-dom": "*",
                "ext-xdebug": ">=2.0.5"
            },
            "type": "library",
            "extra": {
                "branch-alias": {
                    "dev-master": "1.2.x-dev"
                }
            },
            "autoload": {
                "classmap": [
                    "PHP/"
                ]
            },
            "notification-url": "https://packagist.org/downloads/",
            "include-path": [
                ""
            ],
            "license": [
                "BSD-3-Clause"
            ],
            "authors": [
                {
                    "name": "Sebastian Bergmann",
                    "email": "sb@sebastian-bergmann.de",
                    "role": "lead"
                }
            ],
            "description": "Library that provides collection, processing, and rendering functionality for PHP code coverage information.",
            "homepage": "https://github.com/sebastianbergmann/php-code-coverage",
            "keywords": [
                "coverage",
                "testing",
                "xunit"
            ],
            "time": "2014-09-02T10:13:14+00:00"
        },
        {
            "name": "phpunit/php-file-iterator",
            "version": "1.4.2",
            "source": {
                "type": "git",
                "url": "https://github.com/sebastianbergmann/php-file-iterator.git",
                "reference": "3cc8f69b3028d0f96a9078e6295d86e9bf019be5"
            },
            "dist": {
                "type": "zip",
                "url": "https://api.github.com/repos/sebastianbergmann/php-file-iterator/zipball/3cc8f69b3028d0f96a9078e6295d86e9bf019be5",
                "reference": "3cc8f69b3028d0f96a9078e6295d86e9bf019be5",
                "shasum": ""
            },
            "require": {
                "php": ">=5.3.3"
            },
            "type": "library",
            "extra": {
                "branch-alias": {
                    "dev-master": "1.4.x-dev"
                }
            },
            "autoload": {
                "classmap": [
                    "src/"
                ]
            },
            "notification-url": "https://packagist.org/downloads/",
            "license": [
                "BSD-3-Clause"
            ],
            "authors": [
                {
                    "name": "Sebastian Bergmann",
                    "email": "sb@sebastian-bergmann.de",
                    "role": "lead"
                }
            ],
            "description": "FilterIterator implementation that filters files based on a list of suffixes.",
            "homepage": "https://github.com/sebastianbergmann/php-file-iterator/",
            "keywords": [
                "filesystem",
                "iterator"
            ],
            "time": "2016-10-03T07:40:28+00:00"
        },
        {
            "name": "phpunit/php-text-template",
            "version": "1.2.1",
            "source": {
                "type": "git",
                "url": "https://github.com/sebastianbergmann/php-text-template.git",
                "reference": "31f8b717e51d9a2afca6c9f046f5d69fc27c8686"
            },
            "dist": {
                "type": "zip",
                "url": "https://api.github.com/repos/sebastianbergmann/php-text-template/zipball/31f8b717e51d9a2afca6c9f046f5d69fc27c8686",
                "reference": "31f8b717e51d9a2afca6c9f046f5d69fc27c8686",
                "shasum": ""
            },
            "require": {
                "php": ">=5.3.3"
            },
            "type": "library",
            "autoload": {
                "classmap": [
                    "src/"
                ]
            },
            "notification-url": "https://packagist.org/downloads/",
            "license": [
                "BSD-3-Clause"
            ],
            "authors": [
                {
                    "name": "Sebastian Bergmann",
                    "email": "sebastian@phpunit.de",
                    "role": "lead"
                }
            ],
            "description": "Simple template engine.",
            "homepage": "https://github.com/sebastianbergmann/php-text-template/",
            "keywords": [
                "template"
            ],
            "time": "2015-06-21T13:50:34+00:00"
        },
        {
            "name": "phpunit/php-timer",
            "version": "1.0.9",
            "source": {
                "type": "git",
                "url": "https://github.com/sebastianbergmann/php-timer.git",
                "reference": "3dcf38ca72b158baf0bc245e9184d3fdffa9c46f"
            },
            "dist": {
                "type": "zip",
                "url": "https://api.github.com/repos/sebastianbergmann/php-timer/zipball/3dcf38ca72b158baf0bc245e9184d3fdffa9c46f",
                "reference": "3dcf38ca72b158baf0bc245e9184d3fdffa9c46f",
                "shasum": ""
            },
            "require": {
                "php": "^5.3.3 || ^7.0"
            },
            "require-dev": {
                "phpunit/phpunit": "^4.8.35 || ^5.7 || ^6.0"
            },
            "type": "library",
            "extra": {
                "branch-alias": {
                    "dev-master": "1.0-dev"
                }
            },
            "autoload": {
                "classmap": [
                    "src/"
                ]
            },
            "notification-url": "https://packagist.org/downloads/",
            "license": [
                "BSD-3-Clause"
            ],
            "authors": [
                {
                    "name": "Sebastian Bergmann",
                    "email": "sb@sebastian-bergmann.de",
                    "role": "lead"
                }
            ],
            "description": "Utility class for timing",
            "homepage": "https://github.com/sebastianbergmann/php-timer/",
            "keywords": [
                "timer"
            ],
            "time": "2017-02-26T11:10:40+00:00"
        },
        {
            "name": "phpunit/php-token-stream",
            "version": "1.2.2",
            "source": {
                "type": "git",
                "url": "https://github.com/sebastianbergmann/php-token-stream.git",
                "reference": "ad4e1e23ae01b483c16f600ff1bebec184588e32"
            },
            "dist": {
                "type": "zip",
                "url": "https://api.github.com/repos/sebastianbergmann/php-token-stream/zipball/ad4e1e23ae01b483c16f600ff1bebec184588e32",
                "reference": "ad4e1e23ae01b483c16f600ff1bebec184588e32",
                "shasum": ""
            },
            "require": {
                "ext-tokenizer": "*",
                "php": ">=5.3.3"
            },
            "type": "library",
            "extra": {
                "branch-alias": {
                    "dev-master": "1.2-dev"
                }
            },
            "autoload": {
                "classmap": [
                    "PHP/"
                ]
            },
            "notification-url": "https://packagist.org/downloads/",
            "include-path": [
                ""
            ],
            "license": [
                "BSD-3-Clause"
            ],
            "authors": [
                {
                    "name": "Sebastian Bergmann",
                    "email": "sb@sebastian-bergmann.de",
                    "role": "lead"
                }
            ],
            "description": "Wrapper around PHP's tokenizer extension.",
            "homepage": "https://github.com/sebastianbergmann/php-token-stream/",
            "keywords": [
                "tokenizer"
            ],
            "time": "2014-03-03T05:10:30+00:00"
        },
        {
            "name": "phpunit/phpunit",
            "version": "3.7.18",
            "source": {
                "type": "git",
                "url": "https://github.com/sebastianbergmann/phpunit.git",
                "reference": "82335c294ae39a59965b0dc2027ac74eb62f53f1"
            },
            "dist": {
                "type": "zip",
                "url": "https://api.github.com/repos/sebastianbergmann/phpunit/zipball/82335c294ae39a59965b0dc2027ac74eb62f53f1",
                "reference": "82335c294ae39a59965b0dc2027ac74eb62f53f1",
                "shasum": ""
            },
            "require": {
                "ext-dom": "*",
                "ext-pcre": "*",
                "ext-reflection": "*",
                "ext-spl": "*",
                "php": ">=5.3.3",
                "phpunit/php-code-coverage": ">=1.2.1,<1.3.0",
                "phpunit/php-file-iterator": ">=1.3.1",
                "phpunit/php-text-template": ">=1.1.1",
                "phpunit/php-timer": ">=1.0.2,<1.1.0",
                "phpunit/phpunit-mock-objects": ">=1.2.0,<1.3.0",
                "symfony/yaml": ">=2.2.0"
            },
            "require-dev": {
                "pear-pear/pear": "1.9.4"
            },
            "suggest": {
                "ext-json": "*",
                "ext-simplexml": "*",
                "ext-tokenizer": "*",
                "phpunit/php-invoker": ">=1.1.0,<1.2.0"
            },
            "bin": [
                "composer/bin/phpunit"
            ],
            "type": "library",
            "extra": {
                "branch-alias": {
                    "dev-master": "3.7.x-dev"
                }
            },
            "autoload": {
                "classmap": [
                    "PHPUnit/"
                ]
            },
            "notification-url": "https://packagist.org/downloads/",
            "include-path": [
                "",
                "../../symfony/yaml/"
            ],
            "license": [
                "BSD-3-Clause"
            ],
            "authors": [
                {
                    "name": "Sebastian Bergmann",
                    "email": "sebastian@phpunit.de",
                    "role": "lead"
                }
            ],
            "description": "The PHP Unit Testing framework.",
            "homepage": "http://www.phpunit.de/",
            "keywords": [
                "phpunit",
                "testing",
                "xunit"
            ],
            "time": "2013-03-07T21:45:39+00:00"
        },
        {
            "name": "phpunit/phpunit-mock-objects",
            "version": "1.2.3",
            "source": {
                "type": "git",
                "url": "https://github.com/sebastianbergmann/phpunit-mock-objects.git",
                "reference": "5794e3c5c5ba0fb037b11d8151add2a07fa82875"
            },
            "dist": {
                "type": "zip",
                "url": "https://api.github.com/repos/sebastianbergmann/phpunit-mock-objects/zipball/5794e3c5c5ba0fb037b11d8151add2a07fa82875",
                "reference": "5794e3c5c5ba0fb037b11d8151add2a07fa82875",
                "shasum": ""
            },
            "require": {
                "php": ">=5.3.3",
                "phpunit/php-text-template": ">=1.1.1@stable"
            },
            "suggest": {
                "ext-soap": "*"
            },
            "type": "library",
            "autoload": {
                "classmap": [
                    "PHPUnit/"
                ]
            },
            "notification-url": "https://packagist.org/downloads/",
            "include-path": [
                ""
            ],
            "license": [
                "BSD-3-Clause"
            ],
            "authors": [
                {
                    "name": "Sebastian Bergmann",
                    "email": "sb@sebastian-bergmann.de",
                    "role": "lead"
                }
            ],
            "description": "Mock Object library for PHPUnit",
            "homepage": "https://github.com/sebastianbergmann/phpunit-mock-objects/",
            "keywords": [
                "mock",
                "xunit"
            ],
            "time": "2013-01-13T10:24:48+00:00"
        }
    ],
    "aliases": [],
    "minimum-stability": "stable",
    "stability-flags": [],
    "prefer-stable": false,
    "prefer-lowest": false,
    "platform": {
        "php": ">=5.2.11"
    },
    "platform-dev": []
}
